{
  "name": "scramjet-cli",
  "version": "1.0.1",
  "lockfileVersion": 1,
  "requires": true,
  "dependencies": {
    "papaparse": {
      "version": "4.3.7",
      "resolved": "https://registry.npmjs.org/papaparse/-/papaparse-4.3.7.tgz",
      "integrity": "sha1-7R5xgzINHgg53+n3GGGFz8UJe40="
    },
    "scramjet": {
      "version": "4.3.0",
      "resolved": "https://registry.npmjs.org/scramjet/-/scramjet-4.3.0.tgz",
      "integrity": "sha512-Z1+OF8CVAwuMBSfYf2SnO955Skwr5jFvr/tF0dkmW+hZ2FXPlyGJF28+sv/rhYsa5dyRjsNJ6hCc3BxHgIuhHw==",
      "requires": {
        "papaparse": "4.3.7",
        "scramjet-core": "4.3.0"
      }
    },
    "scramjet-core": {
      "version": "4.3.0",
      "resolved": "https://registry.npmjs.org/scramjet-core/-/scramjet-core-4.3.0.tgz",
      "integrity": "sha512-1+Fw0h0uHachwJT+LFD7kRzfJsOxAE2LeqIC4BWaN037oW1dAXbf0d7OsLEq0lAwaD41i5eli2iCb75toFAU7Q=="
    }
  }
}
